// !$*UTF8*$!
{
	archiveVersion = 1;
	classes = {
	};
	objectVersion = 46;
	objects = {

/* Begin PBXBuildFile section */
		36621FB41E9A45C80072478F /* AppDelegate.swift in Sources */ = {isa = PBXBuildFile; fileRef = 36621FB31E9A45C80072478F /* AppDelegate.swift */; };
		36621FB61E9A45C80072478F /* ViewController.swift in Sources */ = {isa = PBXBuildFile; fileRef = 36621FB51E9A45C80072478F /* ViewController.swift */; };
		36621FB91E9A45C80072478F /* Main.storyboard in Resources */ = {isa = PBXBuildFile; fileRef = 36621FB71E9A45C80072478F /* Main.storyboard */; };
		36621FBB1E9A45C80072478F /* Assets.xcassets in Resources */ = {isa = PBXBuildFile; fileRef = 36621FBA1E9A45C80072478F /* Assets.xcassets */; };
		36621FBE1E9A45C80072478F /* LaunchScreen.storyboard in Resources */ = {isa = PBXBuildFile; fileRef = 36621FBC1E9A45C80072478F /* LaunchScreen.storyboard */; };
		36621FC91E9A45C80072478F /* GIAI_PT_BACTests.swift in Sources */ = {isa = PBXBuildFile; fileRef = 36621FC81E9A45C80072478F /* GIAI_PT_BACTests.swift */; };
		36621FD41E9A45C80072478F /* GIAI_PT_BACUITests.swift in Sources */ = {isa = PBXBuildFile; fileRef = 36621FD31E9A45C80072478F /* GIAI_PT_BACUITests.swift */; };
/* End PBXBuildFile section */

/* Begin PBXContainerItemProxy section */
		36621FC51E9A45C80072478F /* PBXContainerItemProxy */ = {
			isa = PBXContainerItemProxy;
			containerPortal = 36621FA81E9A45C80072478F /* Project object */;
			proxyType = 1;
			remoteGlobalIDString = 36621FAF1E9A45C80072478F;
			remoteInfo = "GIAI PT BAC";
		};
		36621FD01E9A45C80072478F /* PBXContainerItemProxy */ = {
			isa = PBXContainerItemProxy;
			containerPortal = 36621FA81E9A45C80072478F /* Project object */;
			proxyType = 1;
			remoteGlobalIDString = 36621FAF1E9A45C80072478F;
			remoteInfo = "GIAI PT BAC";
		};
/* End PBXContainerItemProxy section */

/* Begin PBXFileReference section */
		36621FB01E9A45C80072478F /* GIAI PT BAC.app */ = {isa = PBXFileReference; explicitFileType = wrapper.application; includeInIndex = 0; path = "GIAI PT BAC.app"; sourceTree = BUILT_PRODUCTS_DIR; };
		36621FB31E9A45C80072478F /* AppDelegate.swift */ = {isa = PBXFileReference; lastKnownFileType = sourcecode.swift; path = AppDelegate.swift; sourceTree = "<group>"; };
		36621FB51E9A45C80072478F /* ViewController.swift */ = {isa = PBXFileReference; lastKnownFileType = sourcecode.swift; path = ViewController.swift; sourceTree = "<group>"; };
		36621FB81E9A45C80072478F /* Base */ = {isa = PBXFileReference; lastKnownFileType = file.storyboard; name = Base; path = Base.lproj/Main.storyboard; sourceTree = "<group>"; };
		36621FBA1E9A45C80072478F /* Assets.xcassets */ = {isa = PBXFileReference; lastKnownFileType = folder.assetcatalog; path = Assets.xcassets; sourceTree = "<group>"; };
		36621FBD1E9A45C80072478F /* Base */ = {isa = PBXFileReference; lastKnownFileType = file.storyboard; name = Base; path = Base.lproj/LaunchScreen.storyboard; sourceTree = "<group>"; };
		36621FBF1E9A45C80072478F /* Info.plist */ = {isa = PBXFileReference; lastKnownFileType = text.plist.xml; path = Info.plist; sourceTree = "<group>"; };
		36621FC41E9A45C80072478F /* GIAI PT BACTests.xctest */ = {isa = PBXFileReference; explicitFileType = wrapper.cfbundle; includeInIndex = 0; path = "GIAI PT BACTests.xctest"; sourceTree = BUILT_PRODUCTS_DIR; };
		36621FC81E9A45C80072478F /* GIAI_PT_BACTests.swift */ = {isa = PBXFileReference; lastKnownFileType = sourcecode.swift; path = GIAI_PT_BACTests.swift; sourceTree = "<group>"; };
		36621FCA1E9A45C80072478F /* Info.plist */ = {isa = PBXFileReference; lastKnownFileType = text.plist.xml; path = Info.plist; sourceTree = "<group>"; };
		36621FCF1E9A45C80072478F /* GIAI PT BACUITests.xctest */ = {isa = PBXFileReference; explicitFileType = wrapper.cfbundle; includeInIndex = 0; path = "GIAI PT BACUITests.xctest"; sourceTree = BUILT_PRODUCTS_DIR; };
		36621FD31E9A45C80072478F /* GIAI_PT_BACUITests.swift */ = {isa = PBXFileReference; lastKnownFileType = sourcecode.swift; path = GIAI_PT_BACUITests.swift; sourceTree = "<group>"; };
		36621FD51E9A45C80072478F /* Info.plist */ = {isa = PBXFileReference; lastKnownFileType = text.plist.xml; path = Info.plist; sourceTree = "<group>"; };
/* End PBXFileReference section */

/* Begin PBXFrameworksBuildPhase section */
		36621FAD1E9A45C80072478F /* Frameworks */ = {
			isa = PBXFrameworksBuildPhase;
			buildActionMask = 2147483647;
			files = (
			);
			runOnlyForDeploymentPostprocessing = 0;
		};
		36621FC11E9A45C80072478F /* Frameworks */ = {
			isa = PBXFrameworksBuildPhase;
			buildActionMask = 2147483647;
			files = (
			);
			runOnlyForDeploymentPostprocessing = 0;
		};
		36621FCC1E9A45C80072478F /* Frameworks */ = {
			isa = PBXFrameworksBuildPhase;
			buildActionMask = 2147483647;
			files = (
			);
			runOnlyForDeploymentPostprocessing = 0;
		};
/* End PBXFrameworksBuildPhase section */

/* Begin PBXGroup section */
		36621FA71E9A45C80072478F = {
			isa = PBXGroup;
			children = (
				36621FB21E9A45C80072478F /* GIAI PT BAC */,
				36621FC71E9A45C80072478F /* GIAI PT BACTests */,
				36621FD21E9A45C80072478F /* GIAI PT BACUITests */,
				36621FB11E9A45C80072478F /* Products */,
			);
			sourceTree = "<group>";
		};
		36621FB11E9A45C80072478F /* Products */ = {
			isa = PBXGroup;
			children = (
				36621FB01E9A45C80072478F /* GIAI PT BAC.app */,
				36621FC41E9A45C80072478F /* GIAI PT BACTests.xctest */,
				36621FCF1E9A45C80072478F /* GIAI PT BACUITests.xctest */,
			);
			name = Products;
			sourceTree = "<group>";
		};
		36621FB21E9A45C80072478F /* GIAI PT BAC */ = {
			isa = PBXGroup;
			children = (
				36621FB31E9A45C80072478F /* AppDelegate.swift */,
				36621FB51E9A45C80072478F /* ViewController.swift */,
				36621FB71E9A45C80072478F /* Main.storyboard */,
				36621FBA1E9A45C80072478F /* Assets.xcassets */,
				36621FBC1E9A45C80072478F /* LaunchScreen.storyboard */,
				36621FBF1E9A45C80072478F /* Info.plist */,
			);
			path = "GIAI PT BAC";
			sourceTree = "<group>";
		};
		36621FC71E9A45C80072478F /* GIAI PT BACTests */ = {
			isa = PBXGroup;
			children = (
				36621FC81E9A45C80072478F /* GIAI_PT_BACTests.swift */,
				36621FCA1E9A45C80072478F /* Info.plist */,
			);
			path = "GIAI PT BACTests";
			sourceTree = "<group>";
		};
		36621FD21E9A45C80072478F /* GIAI PT BACUITests */ = {
			isa = PBXGroup;
			children = (
				36621FD31E9A45C80072478F /* GIAI_PT_BACUITests.swift */,
				36621FD51E9A45C80072478F /* Info.plist */,
			);
			path = "GIAI PT BACUITests";
			sourceTree = "<group>";
		};
/* End PBXGroup section */

/* Begin PBXNativeTarget section */
		36621FAF1E9A45C80072478F /* GIAI PT BAC */ = {
			isa = PBXNativeTarget;
			buildConfigurationList = 36621FD81E9A45C80072478F /* Build configuration list for PBXNativeTarget "GIAI PT BAC" */;
			buildPhases = (
				36621FAC1E9A45C80072478F /* Sources */,
				36621FAD1E9A45C80072478F /* Frameworks */,
				36621FAE1E9A45C80072478F /* Resources */,
			);
			buildRules = (
			);
			dependencies = (
			);
			name = "GIAI PT BAC";
			productName = "GIAI PT BAC";
			productReference = 36621FB01E9A45C80072478F /* GIAI PT BAC.app */;
			productType = "com.apple.product-type.application";
		};
		36621FC31E9A45C80072478F /* GIAI PT BACTests */ = {
			isa = PBXNativeTarget;
			buildConfigurationList = 36621FDB1E9A45C80072478F /* Build configuration list for PBXNativeTarget "GIAI PT BACTests" */;
			buildPhases = (
				36621FC01E9A45C80072478F /* Sources */,
				36621FC11E9A45C80072478F /* Frameworks */,
				36621FC21E9A45C80072478F /* Resources */,
			);
			buildRules = (
			);
			dependencies = (
				36621FC61E9A45C80072478F /* PBXTargetDependency */,
			);
			name = "GIAI PT BACTests";
			productName = "GIAI PT BACTests";
			productReference = 36621FC41E9A45C80072478F /* GIAI PT BACTests.xctest */;
			productType = "com.apple.product-type.bundle.unit-test";
		};
		36621FCE1E9A45C80072478F /* GIAI PT BACUITests */ = {
			isa = PBXNativeTarget;
			buildConfigurationList = 36621FDE1E9A45C80072478F /* Build configuration list for PBXNativeTarget "GIAI PT BACUITests" */;
			buildPhases = (
				36621FCB1E9A45C80072478F /* Sources */,
				36621FCC1E9A45C80072478F /* Frameworks */,
				36621FCD1E9A45C80072478F /* Resources */,
			);
			buildRules = (
			);
			dependencies = (
				36621FD11E9A45C80072478F /* PBXTargetDependency */,
			);
			name = "GIAI PT BACUITests";
			productName = "GIAI PT BACUITests";
			productReference = 36621FCF1E9A45C80072478F /* GIAI PT BACUITests.xctest */;
			productType = "com.apple.product-type.bundle.ui-testing";
		};
/* End PBXNativeTarget section */

/* Begin PBXProject section */
		36621FA81E9A45C80072478F /* Project object */ = {
			isa = PBXProject;
			attributes = {
				LastSwiftUpdateCheck = 0730;
				LastUpgradeCheck = 0730;
				ORGANIZATIONNAME = quanmacos;
				TargetAttributes = {
					36621FAF1E9A45C80072478F = {
						CreatedOnToolsVersion = 7.3;
					};
					36621FC31E9A45C80072478F = {
						CreatedOnToolsVersion = 7.3;
						TestTargetID = 36621FAF1E9A45C80072478F;
					};
					36621FCE1E9A45C80072478F = {
						CreatedOnToolsVersion = 7.3;
						TestTargetID = 36621FAF1E9A45C80072478F;
					};
				};
			};
			buildConfigurationList = 36621FAB1E9A45C80072478F /* Build configuration list for PBXProject "GIAI PT BAC" */;
			compatibilityVersion = "Xcode 3.2";
			developmentRegion = English;
			hasScannedForEncodings = 0;
			knownRegions = (
				en,
				Base,
			);
			mainGroup = 36621FA71E9A45C80072478F;
			productRefGroup = 36621FB11E9A45C80072478F /* Products */;
			projectDirPath = "";
			projectRoot = "";
			targets = (
				36621FAF1E9A45C80072478F /* GIAI PT BAC */,
				36621FC31E9A45C80072478F /* GIAI PT BACTests */,
				36621FCE1E9A45C80072478F /* GIAI PT BACUITests */,
			);
		};
/* End PBXProject section */

/* Begin PBXResourcesBuildPhase section */
		36621FAE1E9A45C80072478F /* Resources */ = {
			isa = PBXResourcesBuildPhase;
			buildActionMask = 2147483647;
			files = (
				36621FBE1E9A45C80072478F /* LaunchScreen.storyboard in Resources */,
				36621FBB1E9A45C80072478F /* Assets.xcassets in Resources */,
				36621FB91E9A45C80072478F /* Main.storyboard in Resources */,
			);
			runOnlyForDeploymentPostprocessing = 0;
		};
		36621FC21E9A45C80072478F /* Resources */ = {
			isa = PBXResourcesBuildPhase;
			buildActionMask = 2147483647;
			files = (
			);
			runOnlyForDeploymentPostprocessing = 0;
		};
		36621FCD1E9A45C80072478F /* Resources */ = {
			isa = PBXResourcesBuildPhase;
			buildActionMask = 2147483647;
			files = (
			);
			runOnlyForDeploymentPostprocessing = 0;
		};
/* End PBXResourcesBuildPhase section */

/* Begin PBXSourcesBuildPhase section */
		36621FAC1E9A45C80072478F /* Sources */ = {
			isa = PBXSourcesBuildPhase;
			buildActionMask = 2147483647;
			files = (
				36621FB61E9A45C80072478F /* ViewController.swift in Sources */,
				36621FB41E9A45C80072478F /* AppDelegate.swift in Sources */,
			);
			runOnlyForDeploymentPostprocessing = 0;
		};
		36621FC01E9A45C80072478F /* Sources */ = {
			isa = PBXSourcesBuildPhase;
			buildActionMask = 2147483647;
			files = (
				36621FC91E9A45C80072478F /* GIAI_PT_BACTests.swift in Sources */,
			);
			runOnlyForDeploymentPostprocessing = 0;
		};
		36621FCB1E9A45C80072478F /* Sources */ = {
			isa = PBXSourcesBuildPhase;
			buildActionMask = 2147483647;
			files = (
				36621FD41E9A45C80072478F /* GIAI_PT_BACUITests.swift in Sources */,
			);
			runOnlyForDeploymentPostprocessing = 0;
		};
/* End PBXSourcesBuildPhase section */

/* Begin PBXTargetDependency section */
		36621FC61E9A45C80072478F /* PBXTargetDependency */ = {
			isa = PBXTargetDependency;
			target = 36621FAF1E9A45C80072478F /* GIAI PT BAC */;
			targetProxy = 36621FC51E9A45C80072478F /* PBXContainerItemProxy */;
		};
		36621FD11E9A45C80072478F /* PBXTargetDependency */ = {
			isa = PBXTargetDependency;
			target = 36621FAF1E9A45C80072478F /* GIAI PT BAC */;
			targetProxy = 36621FD01E9A45C80072478F /* PBXContainerItemProxy */;
		};
/* End PBXTargetDependency section */

/* Begin PBXVariantGroup section */
		36621FB71E9A45C80072478F /* Main.storyboard */ = {
			isa = PBXVariantGroup;
			children = (
				36621FB81E9A45C80072478F /* Base */,
			);
			name = Main.storyboard;
			sourceTree = "<group>";
		};
		36621FBC1E9A45C80072478F /* LaunchScreen.storyboard */ = {
			isa = PBXVariantGroup;
			children = (
				36621FBD1E9A45C80072478F /* Base */,
			);
			name = LaunchScreen.storyboard;
			sourceTree = "<group>";
		};
/* End PBXVariantGroup section */

/* Begin XCBuildConfiguration section */
		36621FD61E9A45C80072478F /* Debug */ = {
			isa = XCBuildConfiguration;
			buildSettings = {
				ALWAYS_SEARCH_USER_PATHS = NO;
				CLANG_ANALYZER_NONNULL = YES;
				CLANG_CXX_LANGUAGE_STANDARD = "gnu++0x";
				CLANG_CXX_LIBRARY = "libc++";
				CLANG_ENABLE_MODULES = YES;
				CLANG_ENABLE_OBJC_ARC = YES;
				CLANG_WARN_BOOL_CONVERSION = YES;
				CLANG_WARN_CONSTANT_CONVERSION = YES;
				CLANG_WARN_DIRECT_OBJC_ISA_USAGE = YES_ERROR;
				CLANG_WARN_EMPTY_BODY = YES;
				CLANG_WARN_ENUM_CONVERSION = YES;
				CLANG_WARN_INT_CONVERSION = YES;
				CLANG_WARN_OBJC_ROOT_CLASS = YES_ERROR;
				CLANG_WARN_UNREACHABLE_CODE = YES;
				CLANG_WARN__DUPLICATE_METHOD_MATCH = YES;
				"CODE_SIGN_IDENTITY[sdk=iphoneos*]" = "iPhone Developer";
				COPY_PHASE_STRIP = NO;
				DEBUG_INFORMATION_FORMAT = dwarf;
				ENABLE_STRICT_OBJC_MSGSEND = YES;
				ENABLE_TESTABILITY = YES;
				GCC_C_LANGUAGE_STANDARD = gnu99;
				GCC_DYNAMIC_NO_PIC = NO;
				GCC_NO_COMMON_BLOCKS = YES;
				GCC_OPTIMIZATION_LEVEL = 0;
				GCC_PREPROCESSOR_DEFINITIONS = (
					"DEBUG=1",
					"$(inherited)",
				);
				GCC_WARN_64_TO_32_BIT_CONVERSION = YES;
				GCC_WARN_ABOUT_RETURN_TYPE = YES_ERROR;
				GCC_WARN_UNDECLARED_SELECTOR = YES;
				GCC_WARN_UNINITIALIZED_AUTOS = YES_AGGRESSIVE;
				GCC_WARN_UNUSED_FUNCTION = YES;
				GCC_WARN_UNUSED_VARIABLE = YES;
				IPHONEOS_DEPLOYMENT_TARGET = 9.3;
				MTL_ENABLE_DEBUG_INFO = YES;
				ONLY_ACTIVE_ARCH = YES;
				SDKROOT = iphoneos;
				SWIFT_OPTIMIZATION_LEVEL = "-Onone";
			};
			name = Debug;
		};
		36621FD71E9A45C80072478F /* Release */ = {
			isa = XCBuildConfiguration;
			buildSettings = {
				ALWAYS_SEARCH_USER_PATHS = NO;
				CLANG_ANALYZER_NONNULL = YES;
				CLANG_CXX_LANGUAGE_STANDARD = "gnu++0x";
				CLANG_CXX_LIBRARY = "libc++";
				CLANG_ENABLE_MODULES = YES;
				CLANG_ENABLE_OBJC_ARC = YES;
				CLANG_WARN_BOOL_CONVERSION = YES;
				CLANG_WARN_CONSTANT_CONVERSION = YES;
				CLANG_WARN_DIRECT_OBJC_ISA_USAGE = YES_ERROR;
				CLANG_WARN_EMPTY_BODY = YES;
				CLANG_WARN_ENUM_CONVERSION = YES;
				CLANG_WARN_INT_CONVERSION = YES;
				CLANG_WARN_OBJC_ROOT_CLASS = YES_ERROR;
				CLANG_WARN_UNREACHABLE_CODE = YES;
				CLANG_WARN__DUPLICATE_METHOD_MATCH = YES;
				"CODE_SIGN_IDENTITY[sdk=iphoneos*]" = "iPhone Developer";
				COPY_PHASE_STRIP = NO;
				DEBUG_INFORMATION_FORMAT = "dwarf-with-dsym";
				ENABLE_NS_ASSERTIONS = NO;
				ENABLE_STRICT_OBJC_MSGSEND = YES;
				GCC_C_LANGUAGE_STANDARD = gnu99;
				GCC_NO_COMMON_BLOCKS = YES;
				GCC_WARN_64_TO_32_BIT_CONVERSION = YES;
				GCC_WARN_ABOUT_RETURN_TYPE = YES_ERROR;
				GCC_WARN_UNDECLARED_SELECTOR = YES;
				GCC_WARN_UNINITIALIZED_AUTOS = YES_AGGRESSIVE;
				GCC_WARN_UNUSED_FUNCTION = YES;
				GCC_WARN_UNUSED_VARIABLE = YES;
				IPHONEOS_DEPLOYMENT_TARGET = 9.3;
				MTL_ENABLE_DEBUG_INFO = NO;
				SDKROOT = iphoneos;
				VALIDATE_PRODUCT = YES;
			};
			name = Release;
		};
		36621FD91E9A45C80072478F /* Debug */ = {
			isa = XCBuildConfiguration;
			buildSettings = {
				ASSETCATALOG_COMPILER_APPICON_NAME = AppIcon;
				INFOPLIST_FILE = "GIAI PT BAC/Info.plist";
				LD_RUNPATH_SEARCH_PATHS = "$(inherited) @executable_path/Frameworks";
				PRODUCT_BUNDLE_IDENTIFIER = "quanmacos.GIAI-PT-BAC";
				PRODUCT_NAME = "$(TARGET_NAME)";
			};
			name = Debug;
		};
		36621FDA1E9A45C80072478F /* Release */ = {
			isa = XCBuildConfiguration;
			buildSettings = {
				ASSETCATALOG_COMPILER_APPICON_NAME = AppIcon;
				INFOPLIST_FILE = "GIAI PT BAC/Info.plist";
				LD_RUNPATH_SEARCH_PATHS = "$(inherited) @executable_path/Frameworks";
				PRODUCT_BUNDLE_IDENTIFIER = "quanmacos.GIAI-PT-BAC";
				PRODUCT_NAME = "$(TARGET_NAME)";
			};
			name = Release;
		};
		36621FDC1E9A45C80072478F /* Debug */ = {
			isa = XCBuildConfiguration;
			buildSettings = {
				BUNDLE_LOADER = "$(TEST_HOST)";
				INFOPLIST_FILE = "GIAI PT BACTests/Info.plist";
				LD_RUNPATH_SEARCH_PATHS = "$(inherited) @executable_path/Frameworks @loader_path/Frameworks";
				PRODUCT_BUNDLE_IDENTIFIER = "quanmacos.GIAI-PT-BACTests";
				PRODUCT_NAME = "$(TARGET_NAME)";
				TEST_HOST = "$(BUILT_PRODUCTS_DIR)/GIAI PT BAC.app/GIAI PT BAC";
			};
			name = Debug;
		};
		36621FDD1E9A45C80072478F /* Release */ = {
			isa = XCBuildConfiguration;
			buildSettings = {
				BUNDLE_LOADER = "$(TEST_HOST)";
				INFOPLIST_FILE = "GIAI PT BACTests/Info.plist";
				LD_RUNPATH_SEARCH_PATHS = "$(inherited) @executable_path/Frameworks @loader_path/Frameworks";
				PRODUCT_BUNDLE_IDENTIFIER = "quanmacos.GIAI-PT-BACTests";
				PRODUCT_NAME = "$(TARGET_NAME)";
				TEST_HOST = "$(BUILT_PRODUCTS_DIR)/GIAI PT BAC.app/GIAI PT BAC";
			};
			name = Release;
		};
		36621FDF1E9A45C80072478F /* Debug */ = {
			isa = XCBuildConfiguration;
			buildSettings = {
				INFOPLIST_FILE = "GIAI PT BACUITests/Info.plist";
				LD_RUNPATH_SEARCH_PATHS = "$(inherited) @executable_path/Frameworks @loader_path/Frameworks";
				PRODUCT_BUNDLE_IDENTIFIER = "quanmacos.GIAI-PT-BACUITests";
				PRODUCT_NAME = "$(TARGET_NAME)";
				TEST_TARGET_NAME = "GIAI PT BAC";
			};
			name = Debug;
		};
		36621FE01E9A45C80072478F /* Release */ = {
			isa = XCBuildConfiguration;
			buildSettings = {
				INFOPLIST_FILE = "GIAI PT BACUITests/Info.plist";
				LD_RUNPATH_SEARCH_PATHS = "$(inherited) @executable_path/Frameworks @loader_path/Frameworks";
				PRODUCT_BUNDLE_IDENTIFIER = "quanmacos.GIAI-PT-BACUITests";
				PRODUCT_NAME = "$(TARGET_NAME)";
				TEST_TARGET_NAME = "GIAI PT BAC";
			};
			name = Release;
		};
/* End XCBuildConfiguration section */

/* Begin XCConfigurationList section */
		36621FAB1E9A45C80072478F /* Build configuration list for PBXProject "GIAI PT BAC" */ = {
			isa = XCConfigurationList;
			buildConfigurations = (
				36621FD61E9A45C80072478F /* Debug */,
				36621FD71E9A45C80072478F /* Release */,
			);
			defaultConfigurationIsVisible = 0;
			defaultConfigurationName = Release;
		};
		36621FD81E9A45C80072478F /* Build configuration list for PBXNativeTarget "GIAI PT BAC" */ = {
			isa = XCConfigurationList;
			buildConfigurations = (
				36621FD91E9A45C80072478F /* Debug */,
				36621FDA1E9A45C80072478F /* Release */,
			);
			defaultConfigurationIsVisible = 0;
		};
		36621FDB1E9A45C80072478F /* Build configuration list for PBXNativeTarget "GIAI PT BACTests" */ = {
			isa = XCConfigurationList;
			buildConfigurations = (
				36621FDC1E9A45C80072478F /* Debug */,
				36621FDD1E9A45C80072478F /* Release */,
			);
			defaultConfigurationIsVisible = 0;
		};
		36621FDE1E9A45C80072478F /* Build configuration list for PBXNativeTarget "GIAI PT BACUITests" */ = {
			isa = XCConfigurationList;
			buildConfigurations = (
				36621FDF1E9A45C80072478F /* Debug */,
				36621FE01E9A45C80072478F /* Release */,
			);
			defaultConfigurationIsVisible = 0;
		};
/* End XCConfigurationList section */
	};
	rootObject = 36621FA81E9A45C80072478F /* Project object */;
}
